
Microsoft Visual Studio Solution File, Format Version 12.00
Project("{FAE04EC0-301F-11D3-BF4B-00C04F79EFBC}") = "Advent2025", "Advent2025.csproj", "{F252BB75-4A63-4BB5-A004-196B9FD554B7}"
EndProject
Global
	GlobalSection(SolutionConfigurationPlatforms) = preSolution
		Debug|Any CPU = Debug|Any CPU
		Release|Any CPU = Release|Any CPU
	EndGlobalSection
	GlobalSection(ProjectConfigurationPlatforms) = postSolution
		{F252BB75-4A63-4BB5-A004-196B9FD554B7}.Debug|Any CPU.ActiveCfg = Debug|Any CPU
		{F252BB75-4A63-4BB5-A004-196B9FD554B7}.Debug|Any CPU.Build.0 = Debug|Any CPU
		{F252BB75-4A63-4BB5-A004-196B9FD554B7}.Release|Any CPU.ActiveCfg = Release|Any CPU
		{F252BB75-4A63-4BB5-A004-196B9FD554B7}.Release|Any CPU.Build.0 = Release|Any CPU
	EndGlobalSection
EndGlobal
